
Microsoft Visual Studio Solution File, Format Version 12.00
# Visual Studio 2012
Project("{FAE04EC0-301F-11D3-BF4B-00C04F79EFBC}") = "Trakker", "Trakker\Trakker.csproj", "{444A5CA3-B6F9-4556-83C9-43A61A7ED92D}"
EndProject
Project("{FAE04EC0-301F-11D3-BF4B-00C04F79EFBC}") = "Trakker.UITests", "Trakker.UITests\Trakker.UITests.csproj", "{359ECC4E-10E0-4F92-8E83-5D243E7C775C}"
EndProject
Project("{FAE04EC0-301F-11D3-BF4B-00C04F79EFBC}") = "com.robobat.Model", "com.robobat.Model\com.robobat.Model.csproj", "{3D03ED98-EC1C-4039-9A36-A3A98A3B90B2}"
EndProject
Global
	GlobalSection(SolutionConfigurationPlatforms) = preSolution
		Debug|Any CPU = Debug|Any CPU
		Release|Any CPU = Release|Any CPU
	EndGlobalSection
	GlobalSection(ProjectConfigurationPlatforms) = postSolution
		{359ECC4E-10E0-4F92-8E83-5D243E7C775C}.Debug|Any CPU.ActiveCfg = Debug|Any CPU
		{359ECC4E-10E0-4F92-8E83-5D243E7C775C}.Debug|Any CPU.Build.0 = Debug|Any CPU
		{359ECC4E-10E0-4F92-8E83-5D243E7C775C}.Release|Any CPU.ActiveCfg = Release|Any CPU
		{359ECC4E-10E0-4F92-8E83-5D243E7C775C}.Release|Any CPU.Build.0 = Release|Any CPU
		{3D03ED98-EC1C-4039-9A36-A3A98A3B90B2}.Debug|Any CPU.ActiveCfg = Debug|Any CPU
		{3D03ED98-EC1C-4039-9A36-A3A98A3B90B2}.Debug|Any CPU.Build.0 = Debug|Any CPU
		{3D03ED98-EC1C-4039-9A36-A3A98A3B90B2}.Release|Any CPU.ActiveCfg = Release|Any CPU
		{3D03ED98-EC1C-4039-9A36-A3A98A3B90B2}.Release|Any CPU.Build.0 = Release|Any CPU
		{444A5CA3-B6F9-4556-83C9-43A61A7ED92D}.Debug|Any CPU.ActiveCfg = Debug|Any CPU
		{444A5CA3-B6F9-4556-83C9-43A61A7ED92D}.Debug|Any CPU.Build.0 = Debug|Any CPU
		{444A5CA3-B6F9-4556-83C9-43A61A7ED92D}.Release|Any CPU.ActiveCfg = Release|Any CPU
		{444A5CA3-B6F9-4556-83C9-43A61A7ED92D}.Release|Any CPU.Build.0 = Release|Any CPU
	EndGlobalSection
EndGlobal
